
Microsoft Visual Studio Solution File, Format Version 12.00
# Visual Studio 15
VisualStudioVersion = 15.0.28307.705
MinimumVisualStudioVersion = 10.0.40219.1
Project("{FAE04EC0-301F-11D3-BF4B-00C04F79EFBC}") = "MapReduceWordCounter", "MapReduceWordCounter\MapReduceWordCounter.csproj", "{191DBE77-A2EC-480C-9722-4D98DB84A841}"
	ProjectSection(ProjectDependencies) = postProject
		{1C1121A5-FEB0-4058-9F58-4C4B9A8306B9} = {1C1121A5-FEB0-4058-9F58-4C4B9A8306B9}
		{9DCC91B1-5977-46A1-8DD6-7E2AF6F2585F} = {9DCC91B1-5977-46A1-8DD6-7E2AF6F2585F}
		{238D91D5-CDEB-4B63-A6B1-C4B7CB858677} = {238D91D5-CDEB-4B63-A6B1-C4B7CB858677}
	EndProjectSection
EndProject
Project("{FAE04EC0-301F-11D3-BF4B-00C04F79EFBC}") = "CombineService", "CombineService\CombineService.csproj", "{1C1121A5-FEB0-4058-9F58-4C4B9A8306B9}"
EndProject
Project("{FAE04EC0-301F-11D3-BF4B-00C04F79EFBC}") = "MapService", "MapService\MapService.csproj", "{9DCC91B1-5977-46A1-8DD6-7E2AF6F2585F}"
EndProject
Project("{FAE04EC0-301F-11D3-BF4B-00C04F79EFBC}") = "ReduceService", "ReduceService\ReduceService.csproj", "{238D91D5-CDEB-4B63-A6B1-C4B7CB858677}"
EndProject
Global
	GlobalSection(SolutionConfigurationPlatforms) = preSolution
		Debug|Any CPU = Debug|Any CPU
		Release|Any CPU = Release|Any CPU
	EndGlobalSection
	GlobalSection(ProjectConfigurationPlatforms) = postSolution
		{191DBE77-A2EC-480C-9722-4D98DB84A841}.Debug|Any CPU.ActiveCfg = Debug|Any CPU
		{191DBE77-A2EC-480C-9722-4D98DB84A841}.Debug|Any CPU.Build.0 = Debug|Any CPU
		{191DBE77-A2EC-480C-9722-4D98DB84A841}.Release|Any CPU.ActiveCfg = Release|Any CPU
		{191DBE77-A2EC-480C-9722-4D98DB84A841}.Release|Any CPU.Build.0 = Release|Any CPU
		{1C1121A5-FEB0-4058-9F58-4C4B9A8306B9}.Debug|Any CPU.ActiveCfg = Debug|Any CPU
		{1C1121A5-FEB0-4058-9F58-4C4B9A8306B9}.Debug|Any CPU.Build.0 = Debug|Any CPU
		{1C1121A5-FEB0-4058-9F58-4C4B9A8306B9}.Release|Any CPU.ActiveCfg = Release|Any CPU
		{1C1121A5-FEB0-4058-9F58-4C4B9A8306B9}.Release|Any CPU.Build.0 = Release|Any CPU
		{9DCC91B1-5977-46A1-8DD6-7E2AF6F2585F}.Debug|Any CPU.ActiveCfg = Debug|Any CPU
		{9DCC91B1-5977-46A1-8DD6-7E2AF6F2585F}.Debug|Any CPU.Build.0 = Debug|Any CPU
		{9DCC91B1-5977-46A1-8DD6-7E2AF6F2585F}.Release|Any CPU.ActiveCfg = Release|Any CPU
		{9DCC91B1-5977-46A1-8DD6-7E2AF6F2585F}.Release|Any CPU.Build.0 = Release|Any CPU
		{238D91D5-CDEB-4B63-A6B1-C4B7CB858677}.Debug|Any CPU.ActiveCfg = Debug|Any CPU
		{238D91D5-CDEB-4B63-A6B1-C4B7CB858677}.Debug|Any CPU.Build.0 = Debug|Any CPU
		{238D91D5-CDEB-4B63-A6B1-C4B7CB858677}.Release|Any CPU.ActiveCfg = Release|Any CPU
		{238D91D5-CDEB-4B63-A6B1-C4B7CB858677}.Release|Any CPU.Build.0 = Release|Any CPU
	EndGlobalSection
	GlobalSection(SolutionProperties) = preSolution
		HideSolutionNode = FALSE
	EndGlobalSection
	GlobalSection(ExtensibilityGlobals) = postSolution
		SolutionGuid = {77B023DF-82D3-431F-9E91-5F7D529AC754}
	EndGlobalSection
EndGlobal
